
Microsoft Visual Studio Solution File, Format Version 12.00
# Visual Studio Version 17
VisualStudioVersion = 17.6.33815.320
MinimumVisualStudioVersion = 10.0.40219.1
Project("{FAE04EC0-301F-11D3-BF4B-00C04F79EFBC}") = "test-wpf-app", "test-wpf-app\test-wpf-app.csproj", "{190A0AAE-15AD-4F99-9C32-526197E306FC}"
EndProject
Global
	GlobalSection(SolutionConfigurationPlatforms) = preSolution
		Debug|Any CPU = Debug|Any CPU
		Release|Any CPU = Release|Any CPU
	EndGlobalSection
	GlobalSection(ProjectConfigurationPlatforms) = postSolution
		{190A0AAE-15AD-4F99-9C32-526197E306FC}.Debug|Any CPU.ActiveCfg = Debug|Any CPU
		{190A0AAE-15AD-4F99-9C32-526197E306FC}.Debug|Any CPU.Build.0 = Debug|Any CPU
		{190A0AAE-15AD-4F99-9C32-526197E306FC}.Release|Any CPU.ActiveCfg = Release|Any CPU
		{190A0AAE-15AD-4F99-9C32-526197E306FC}.Release|Any CPU.Build.0 = Release|Any CPU
	EndGlobalSection
	GlobalSection(SolutionProperties) = preSolution
		HideSolutionNode = FALSE
	EndGlobalSection
	GlobalSection(ExtensibilityGlobals) = postSolution
		SolutionGuid = {02164634-0CEB-4664-A87E-6D2C5FFF40EC}
	EndGlobalSection
EndGlobal
